// !$*UTF8*$!
{
	archiveVersion = 1;
	classes = {
	};
	objectVersion = 46;
	objects = {

/* Begin PBXBuildFile section */
		47DC70751CBA809F00CF23D9 /* main.m in Sources */ = {isa = PBXBuildFile; fileRef = 47DC70741CBA809F00CF23D9 /* main.m */; };
		47DC70781CBA809F00CF23D9 /* AppDelegate.m in Sources */ = {isa = PBXBuildFile; fileRef = 47DC70771CBA809F00CF23D9 /* AppDelegate.m */; };
		47DC70801CBA809F00CF23D9 /* Assets.xcassets in Resources */ = {isa = PBXBuildFile; fileRef = 47DC707F1CBA809F00CF23D9 /* Assets.xcassets */; };
		47DC70831CBA809F00CF23D9 /* LaunchScreen.storyboard in Resources */ = {isa = PBXBuildFile; fileRef = 47DC70811CBA809F00CF23D9 /* LaunchScreen.storyboard */; };
		47DC708D1CBA813300CF23D9 /* DFHomeViewController.m in Sources */ = {isa = PBXBuildFile; fileRef = 47DC708B1CBA813300CF23D9 /* DFHomeViewController.m */; };
		47DC708E1CBA813300CF23D9 /* DFHomeViewController.xib in Resources */ = {isa = PBXBuildFile; fileRef = 47DC708C1CBA813300CF23D9 /* DFHomeViewController.xib */; };
		47DC70921CBA833D00CF23D9 /* DFImageCollectionViewCell.m in Sources */ = {isa = PBXBuildFile; fileRef = 47DC70901CBA833D00CF23D9 /* DFImageCollectionViewCell.m */; };
		47DC70931CBA833D00CF23D9 /* DFImageCollectionViewCell.xib in Resources */ = {isa = PBXBuildFile; fileRef = 47DC70911CBA833D00CF23D9 /* DFImageCollectionViewCell.xib */; };
		47DC70961CBABFC500CF23D9 /* DFImageProcessor.m in Sources */ = {isa = PBXBuildFile; fileRef = 47DC70951CBABFC500CF23D9 /* DFImageProcessor.m */; };
		47DC70991CBAC04D00CF23D9 /* DFImageDownloadOperation.m in Sources */ = {isa = PBXBuildFile; fileRef = 47DC70981CBAC04D00CF23D9 /* DFImageDownloadOperation.m */; };
		47DC709C1CBAE2E800CF23D9 /* DFDownloadingImage.m in Sources */ = {isa = PBXBuildFile; fileRef = 47DC709B1CBAE2E800CF23D9 /* DFDownloadingImage.m */; };
		47DC709F1CBAF83F00CF23D9 /* UIImage+Resize.m in Sources */ = {isa = PBXBuildFile; fileRef = 47DC709E1CBAF83F00CF23D9 /* UIImage+Resize.m */; };
		47DC70A31CBAF9BB00CF23D9 /* DFImagePreviewViewController.m in Sources */ = {isa = PBXBuildFile; fileRef = 47DC70A11CBAF9BB00CF23D9 /* DFImagePreviewViewController.m */; };
		47DC70A41CBAF9BB00CF23D9 /* DFImagePreviewViewController.xib in Resources */ = {isa = PBXBuildFile; fileRef = 47DC70A21CBAF9BB00CF23D9 /* DFImagePreviewViewController.xib */; };
/* End PBXBuildFile section */

/* Begin PBXFileReference section */
		47DC70701CBA809F00CF23D9 /* df_ac_test.app */ = {isa = PBXFileReference; explicitFileType = wrapper.application; includeInIndex = 0; path = df_ac_test.app; sourceTree = BUILT_PRODUCTS_DIR; };
		47DC70741CBA809F00CF23D9 /* main.m */ = {isa = PBXFileReference; lastKnownFileType = sourcecode.c.objc; path = main.m; sourceTree = "<group>"; };
		47DC70761CBA809F00CF23D9 /* AppDelegate.h */ = {isa = PBXFileReference; lastKnownFileType = sourcecode.c.h; path = AppDelegate.h; sourceTree = "<group>"; };
		47DC70771CBA809F00CF23D9 /* AppDelegate.m */ = {isa = PBXFileReference; lastKnownFileType = sourcecode.c.objc; path = AppDelegate.m; sourceTree = "<group>"; };
		47DC707F1CBA809F00CF23D9 /* Assets.xcassets */ = {isa = PBXFileReference; lastKnownFileType = folder.assetcatalog; path = Assets.xcassets; sourceTree = "<group>"; };
		47DC70821CBA809F00CF23D9 /* Base */ = {isa = PBXFileReference; lastKnownFileType = file.storyboard; name = Base; path = Base.lproj/LaunchScreen.storyboard; sourceTree = "<group>"; };
		47DC70841CBA809F00CF23D9 /* Info.plist */ = {isa = PBXFileReference; lastKnownFileType = text.plist.xml; path = Info.plist; sourceTree = "<group>"; };
		47DC708A1CBA813300CF23D9 /* DFHomeViewController.h */ = {isa = PBXFileReference; fileEncoding = 4; lastKnownFileType = sourcecode.c.h; path = DFHomeViewController.h; sourceTree = "<group>"; };
		47DC708B1CBA813300CF23D9 /* DFHomeViewController.m */ = {isa = PBXFileReference; fileEncoding = 4; lastKnownFileType = sourcecode.c.objc; path = DFHomeViewController.m; sourceTree = "<group>"; };
		47DC708C1CBA813300CF23D9 /* DFHomeViewController.xib */ = {isa = PBXFileReference; fileEncoding = 4; lastKnownFileType = file.xib; path = DFHomeViewController.xib; sourceTree = "<group>"; };
		47DC708F1CBA833D00CF23D9 /* DFImageCollectionViewCell.h */ = {isa = PBXFileReference; fileEncoding = 4; lastKnownFileType = sourcecode.c.h; path = DFImageCollectionViewCell.h; sourceTree = "<group>"; };
		47DC70901CBA833D00CF23D9 /* DFImageCollectionViewCell.m */ = {isa = PBXFileReference; fileEncoding = 4; lastKnownFileType = sourcecode.c.objc; path = DFImageCollectionViewCell.m; sourceTree = "<group>"; };
		47DC70911CBA833D00CF23D9 /* DFImageCollectionViewCell.xib */ = {isa = PBXFileReference; fileEncoding = 4; lastKnownFileType = file.xib; path = DFImageCollectionViewCell.xib; sourceTree = "<group>"; };
		47DC70941CBABFC500CF23D9 /* DFImageProcessor.h */ = {isa = PBXFileReference; fileEncoding = 4; lastKnownFileType = sourcecode.c.h; path = DFImageProcessor.h; sourceTree = "<group>"; };
		47DC70951CBABFC500CF23D9 /* DFImageProcessor.m */ = {isa = PBXFileReference; fileEncoding = 4; lastKnownFileType = sourcecode.c.objc; path = DFImageProcessor.m; sourceTree = "<group>"; };
		47DC70971CBAC04D00CF23D9 /* DFImageDownloadOperation.h */ = {isa = PBXFileReference; fileEncoding = 4; lastKnownFileType = sourcecode.c.h; path = DFImageDownloadOperation.h; sourceTree = "<group>"; };
		47DC70981CBAC04D00CF23D9 /* DFImageDownloadOperation.m */ = {isa = PBXFileReference; fileEncoding = 4; lastKnownFileType = sourcecode.c.objc; path = DFImageDownloadOperation.m; sourceTree = "<group>"; };
		47DC709A1CBAE2E700CF23D9 /* DFDownloadingImage.h */ = {isa = PBXFileReference; fileEncoding = 4; lastKnownFileType = sourcecode.c.h; path = DFDownloadingImage.h; sourceTree = "<group>"; };
		47DC709B1CBAE2E800CF23D9 /* DFDownloadingImage.m */ = {isa = PBXFileReference; fileEncoding = 4; lastKnownFileType = sourcecode.c.objc; path = DFDownloadingImage.m; sourceTree = "<group>"; };
		47DC709D1CBAF83F00CF23D9 /* UIImage+Resize.h */ = {isa = PBXFileReference; fileEncoding = 4; lastKnownFileType = sourcecode.c.h; path = "UIImage+Resize.h"; sourceTree = "<group>"; };
		47DC709E1CBAF83F00CF23D9 /* UIImage+Resize.m */ = {isa = PBXFileReference; fileEncoding = 4; lastKnownFileType = sourcecode.c.objc; path = "UIImage+Resize.m"; sourceTree = "<group>"; };
		47DC70A01CBAF9BB00CF23D9 /* DFImagePreviewViewController.h */ = {isa = PBXFileReference; fileEncoding = 4; lastKnownFileType = sourcecode.c.h; path = DFImagePreviewViewController.h; sourceTree = "<group>"; };
		47DC70A11CBAF9BB00CF23D9 /* DFImagePreviewViewController.m */ = {isa = PBXFileReference; fileEncoding = 4; lastKnownFileType = sourcecode.c.objc; path = DFImagePreviewViewController.m; sourceTree = "<group>"; };
		47DC70A21CBAF9BB00CF23D9 /* DFImagePreviewViewController.xib */ = {isa = PBXFileReference; fileEncoding = 4; lastKnownFileType = file.xib; path = DFImagePreviewViewController.xib; sourceTree = "<group>"; };
/* End PBXFileReference section */

/* Begin PBXFrameworksBuildPhase section */
		47DC706D1CBA809F00CF23D9 /* Frameworks */ = {
			isa = PBXFrameworksBuildPhase;
			buildActionMask = 2147483647;
			files = (
			);
			runOnlyForDeploymentPostprocessing = 0;
		};
/* End PBXFrameworksBuildPhase section */

/* Begin PBXGroup section */
		47DC70671CBA809F00CF23D9 = {
			isa = PBXGroup;
			children = (
				47DC70721CBA809F00CF23D9 /* df_ac_test */,
				47DC70711CBA809F00CF23D9 /* Products */,
			);
			sourceTree = "<group>";
		};
		47DC70711CBA809F00CF23D9 /* Products */ = {
			isa = PBXGroup;
			children = (
				47DC70701CBA809F00CF23D9 /* df_ac_test.app */,
			);
			name = Products;
			sourceTree = "<group>";
		};
		47DC70721CBA809F00CF23D9 /* df_ac_test */ = {
			isa = PBXGroup;
			children = (
				47DC70761CBA809F00CF23D9 /* AppDelegate.h */,
				47DC70771CBA809F00CF23D9 /* AppDelegate.m */,
				47DC707F1CBA809F00CF23D9 /* Assets.xcassets */,
				47DC70811CBA809F00CF23D9 /* LaunchScreen.storyboard */,
				47DC70841CBA809F00CF23D9 /* Info.plist */,
				47DC70731CBA809F00CF23D9 /* Supporting Files */,
				47DC708A1CBA813300CF23D9 /* DFHomeViewController.h */,
				47DC708B1CBA813300CF23D9 /* DFHomeViewController.m */,
				47DC708C1CBA813300CF23D9 /* DFHomeViewController.xib */,
				47DC708F1CBA833D00CF23D9 /* DFImageCollectionViewCell.h */,
				47DC70901CBA833D00CF23D9 /* DFImageCollectionViewCell.m */,
				47DC70911CBA833D00CF23D9 /* DFImageCollectionViewCell.xib */,
				47DC70941CBABFC500CF23D9 /* DFImageProcessor.h */,
				47DC70951CBABFC500CF23D9 /* DFImageProcessor.m */,
				47DC70971CBAC04D00CF23D9 /* DFImageDownloadOperation.h */,
				47DC70981CBAC04D00CF23D9 /* DFImageDownloadOperation.m */,
				47DC709A1CBAE2E700CF23D9 /* DFDownloadingImage.h */,
				47DC709B1CBAE2E800CF23D9 /* DFDownloadingImage.m */,
				47DC709D1CBAF83F00CF23D9 /* UIImage+Resize.h */,
				47DC709E1CBAF83F00CF23D9 /* UIImage+Resize.m */,
				47DC70A01CBAF9BB00CF23D9 /* DFImagePreviewViewController.h */,
				47DC70A11CBAF9BB00CF23D9 /* DFImagePreviewViewController.m */,
				47DC70A21CBAF9BB00CF23D9 /* DFImagePreviewViewController.xib */,
			);
			path = df_ac_test;
			sourceTree = "<group>";
		};
		47DC70731CBA809F00CF23D9 /* Supporting Files */ = {
			isa = PBXGroup;
			children = (
				47DC70741CBA809F00CF23D9 /* main.m */,
			);
			name = "Supporting Files";
			sourceTree = "<group>";
		};
/* End PBXGroup section */

/* Begin PBXNativeTarget section */
		47DC706F1CBA809F00CF23D9 /* df_ac_test */ = {
			isa = PBXNativeTarget;
			buildConfigurationList = 47DC70871CBA809F00CF23D9 /* Build configuration list for PBXNativeTarget "df_ac_test" */;
			buildPhases = (
				47DC706C1CBA809F00CF23D9 /* Sources */,
				47DC706D1CBA809F00CF23D9 /* Frameworks */,
				47DC706E1CBA809F00CF23D9 /* Resources */,
			);
			buildRules = (
			);
			dependencies = (
			);
			name = df_ac_test;
			productName = df_ac_test;
			productReference = 47DC70701CBA809F00CF23D9 /* df_ac_test.app */;
			productType = "com.apple.product-type.application";
		};
/* End PBXNativeTarget section */

/* Begin PBXProject section */
		47DC70681CBA809F00CF23D9 /* Project object */ = {
			isa = PBXProject;
			attributes = {
				LastUpgradeCheck = 0730;
				ORGANIZATIONNAME = "Dahiri Farid";
				TargetAttributes = {
					47DC706F1CBA809F00CF23D9 = {
						CreatedOnToolsVersion = 7.3;
					};
				};
			};
			buildConfigurationList = 47DC706B1CBA809F00CF23D9 /* Build configuration list for PBXProject "df_ac_test" */;
			compatibilityVersion = "Xcode 3.2";
			developmentRegion = English;
			hasScannedForEncodings = 0;
			knownRegions = (
				en,
				Base,
			);
			mainGroup = 47DC70671CBA809F00CF23D9;
			productRefGroup = 47DC70711CBA809F00CF23D9 /* Products */;
			projectDirPath = "";
			projectRoot = "";
			targets = (
				47DC706F1CBA809F00CF23D9 /* df_ac_test */,
			);
		};
/* End PBXProject section */

/* Begin PBXResourcesBuildPhase section */
		47DC706E1CBA809F00CF23D9 /* Resources */ = {
			isa = PBXResourcesBuildPhase;
			buildActionMask = 2147483647;
			files = (
				47DC70831CBA809F00CF23D9 /* LaunchScreen.storyboard in Resources */,
				47DC708E1CBA813300CF23D9 /* DFHomeViewController.xib in Resources */,
				47DC70931CBA833D00CF23D9 /* DFImageCollectionViewCell.xib in Resources */,
				47DC70A41CBAF9BB00CF23D9 /* DFImagePreviewViewController.xib in Resources */,
				47DC70801CBA809F00CF23D9 /* Assets.xcassets in Resources */,
			);
			runOnlyForDeploymentPostprocessing = 0;
		};
/* End PBXResourcesBuildPhase section */

/* Begin PBXSourcesBuildPhase section */
		47DC706C1CBA809F00CF23D9 /* Sources */ = {
			isa = PBXSourcesBuildPhase;
			buildActionMask = 2147483647;
			files = (
				47DC709C1CBAE2E800CF23D9 /* DFDownloadingImage.m in Sources */,
				47DC709F1CBAF83F00CF23D9 /* UIImage+Resize.m in Sources */,
				47DC708D1CBA813300CF23D9 /* DFHomeViewController.m in Sources */,
				47DC70781CBA809F00CF23D9 /* AppDelegate.m in Sources */,
				47DC70961CBABFC500CF23D9 /* DFImageProcessor.m in Sources */,
				47DC70A31CBAF9BB00CF23D9 /* DFImagePreviewViewController.m in Sources */,
				47DC70921CBA833D00CF23D9 /* DFImageCollectionViewCell.m in Sources */,
				47DC70751CBA809F00CF23D9 /* main.m in Sources */,
				47DC70991CBAC04D00CF23D9 /* DFImageDownloadOperation.m in Sources */,
			);
			runOnlyForDeploymentPostprocessing = 0;
		};
/* End PBXSourcesBuildPhase section */

/* Begin PBXVariantGroup section */
		47DC70811CBA809F00CF23D9 /* LaunchScreen.storyboard */ = {
			isa = PBXVariantGroup;
			children = (
				47DC70821CBA809F00CF23D9 /* Base */,
			);
			name = LaunchScreen.storyboard;
			sourceTree = "<group>";
		};
/* End PBXVariantGroup section */

/* Begin XCBuildConfiguration section */
		47DC70851CBA809F00CF23D9 /* Debug */ = {
			isa = XCBuildConfiguration;
			buildSettings = {
				ALWAYS_SEARCH_USER_PATHS = NO;
				CLANG_ANALYZER_NONNULL = YES;
				CLANG_CXX_LANGUAGE_STANDARD = "gnu++0x";
				CLANG_CXX_LIBRARY = "libc++";
				CLANG_ENABLE_MODULES = YES;
				CLANG_ENABLE_OBJC_ARC = YES;
				CLANG_WARN_BOOL_CONVERSION = YES;
				CLANG_WARN_CONSTANT_CONVERSION = YES;
				CLANG_WARN_DIRECT_OBJC_ISA_USAGE = YES_ERROR;
				CLANG_WARN_EMPTY_BODY = YES;
				CLANG_WARN_ENUM_CONVERSION = YES;
				CLANG_WARN_INT_CONVERSION = YES;
				CLANG_WARN_OBJC_ROOT_CLASS = YES_ERROR;
				CLANG_WARN_UNREACHABLE_CODE = YES;
				CLANG_WARN__DUPLICATE_METHOD_MATCH = YES;
				"CODE_SIGN_IDENTITY[sdk=iphoneos*]" = "iPhone Developer";
				COPY_PHASE_STRIP = NO;
				DEBUG_INFORMATION_FORMAT = dwarf;
				ENABLE_STRICT_OBJC_MSGSEND = YES;
				ENABLE_TESTABILITY = YES;
				GCC_C_LANGUAGE_STANDARD = gnu99;
				GCC_DYNAMIC_NO_PIC = NO;
				GCC_NO_COMMON_BLOCKS = YES;
				GCC_OPTIMIZATION_LEVEL = 0;
				GCC_PREPROCESSOR_DEFINITIONS = (
					"DEBUG=1",
					"$(inherited)",
				);
				GCC_WARN_64_TO_32_BIT_CONVERSION = YES;
				GCC_WARN_ABOUT_RETURN_TYPE = YES_ERROR;
				GCC_WARN_UNDECLARED_SELECTOR = YES;
				GCC_WARN_UNINITIALIZED_AUTOS = YES_AGGRESSIVE;
				GCC_WARN_UNUSED_FUNCTION = YES;
				GCC_WARN_UNUSED_VARIABLE = YES;
				IPHONEOS_DEPLOYMENT_TARGET = 9.3;
				MTL_ENABLE_DEBUG_INFO = YES;
				ONLY_ACTIVE_ARCH = YES;
				SDKROOT = iphoneos;
				TARGETED_DEVICE_FAMILY = "1,2";
			};
			name = Debug;
		};
		47DC70861CBA809F00CF23D9 /* Release */ = {
			isa = XCBuildConfiguration;
			buildSettings = {
				ALWAYS_SEARCH_USER_PATHS = NO;
				CLANG_ANALYZER_NONNULL = YES;
				CLANG_CXX_LANGUAGE_STANDARD = "gnu++0x";
				CLANG_CXX_LIBRARY = "libc++";
				CLANG_ENABLE_MODULES = YES;
				CLANG_ENABLE_OBJC_ARC = YES;
				CLANG_WARN_BOOL_CONVERSION = YES;
				CLANG_WARN_CONSTANT_CONVERSION = YES;
				CLANG_WARN_DIRECT_OBJC_ISA_USAGE = YES_ERROR;
				CLANG_WARN_EMPTY_BODY = YES;
				CLANG_WARN_ENUM_CONVERSION = YES;
				CLANG_WARN_INT_CONVERSION = YES;
				CLANG_WARN_OBJC_ROOT_CLASS = YES_ERROR;
				CLANG_WARN_UNREACHABLE_CODE = YES;
				CLANG_WARN__DUPLICATE_METHOD_MATCH = YES;
				"CODE_SIGN_IDENTITY[sdk=iphoneos*]" = "iPhone Developer";
				COPY_PHASE_STRIP = NO;
				DEBUG_INFORMATION_FORMAT = "dwarf-with-dsym";
				ENABLE_NS_ASSERTIONS = NO;
				ENABLE_STRICT_OBJC_MSGSEND = YES;
				GCC_C_LANGUAGE_STANDARD = gnu99;
				GCC_NO_COMMON_BLOCKS = YES;
				GCC_WARN_64_TO_32_BIT_CONVERSION = YES;
				GCC_WARN_ABOUT_RETURN_TYPE = YES_ERROR;
				GCC_WARN_UNDECLARED_SELECTOR = YES;
				GCC_WARN_UNINITIALIZED_AUTOS = YES_AGGRESSIVE;
				GCC_WARN_UNUSED_FUNCTION = YES;
				GCC_WARN_UNUSED_VARIABLE = YES;
				IPHONEOS_DEPLOYMENT_TARGET = 9.3;
				MTL_ENABLE_DEBUG_INFO = NO;
				SDKROOT = iphoneos;
				TARGETED_DEVICE_FAMILY = "1,2";
				VALIDATE_PRODUCT = YES;
			};
			name = Release;
		};
		47DC70881CBA809F00CF23D9 /* Debug */ = {
			isa = XCBuildConfiguration;
			buildSettings = {
				ASSETCATALOG_COMPILER_APPICON_NAME = AppIcon;
				INFOPLIST_FILE = df_ac_test/Info.plist;
				LD_RUNPATH_SEARCH_PATHS = "$(inherited) @executable_path/Frameworks";
				PRODUCT_BUNDLE_IDENTIFIER = "dahirifarid.df-ac-test";
				PRODUCT_NAME = "$(TARGET_NAME)";
				TARGETED_DEVICE_FAMILY = 1;
			};
			name = Debug;
		};
		47DC70891CBA809F00CF23D9 /* Release */ = {
			isa = XCBuildConfiguration;
			buildSettings = {
				ASSETCATALOG_COMPILER_APPICON_NAME = AppIcon;
				INFOPLIST_FILE = df_ac_test/Info.plist;
				LD_RUNPATH_SEARCH_PATHS = "$(inherited) @executable_path/Frameworks";
				PRODUCT_BUNDLE_IDENTIFIER = "dahirifarid.df-ac-test";
				PRODUCT_NAME = "$(TARGET_NAME)";
				TARGETED_DEVICE_FAMILY = 1;
			};
			name = Release;
		};
/* End XCBuildConfiguration section */

/* Begin XCConfigurationList section */
		47DC706B1CBA809F00CF23D9 /* Build configuration list for PBXProject "df_ac_test" */ = {
			isa = XCConfigurationList;
			buildConfigurations = (
				47DC70851CBA809F00CF23D9 /* Debug */,
				47DC70861CBA809F00CF23D9 /* Release */,
			);
			defaultConfigurationIsVisible = 0;
			defaultConfigurationName = Release;
		};
		47DC70871CBA809F00CF23D9 /* Build configuration list for PBXNativeTarget "df_ac_test" */ = {
			isa = XCConfigurationList;
			buildConfigurations = (
				47DC70881CBA809F00CF23D9 /* Debug */,
				47DC70891CBA809F00CF23D9 /* Release */,
			);
			defaultConfigurationIsVisible = 0;
		};
/* End XCConfigurationList section */
	};
	rootObject = 47DC70681CBA809F00CF23D9 /* Project object */;
}
